# This file is automatically @generated by Poetry 1.4.2 and should not be changed by hand.

[[package]]
name = "aiosmtpd"
version = "1.4.2"
description = "aiosmtpd - asyncio based SMTP server"
category = "main"
optional = false
python-versions = "~=3.6"
files = [
    {file = "aiosmtpd-1.4.2-py3-none-any.whl", hash = "sha256:314f70b74cb8474882cef396b186fbfad8660c7b52be5c1937f3c31df14232a4"},
    {file = "aiosmtpd-1.4.2.tar.gz", hash = "sha256:aa891d010d2097274189078c6ce2a59a167f3fb2e974e028b572a61e92e1549c"},
]

[package.dependencies]
atpublic = "*"
attrs = "*"

[[package]]
name = "aiosmtplib"
version = "1.1.7"
description = "asyncio SMTP client"
category = "main"
optional = false
python-versions = ">=3.5.2,<4.0.0"
files = [
    {file = "aiosmtplib-1.1.7-py3-none-any.whl", hash = "sha256:c1403e70fce769643820cb2c5bf0bd4f7ea83a01c60e854c81a6f5d7ccff2656"},
    {file = "aiosmtplib-1.1.7.tar.gz", hash = "sha256:5810657a86b19476c93fa280c499ca3ef88ce26f2b74dae202989ae06377d107"},
]

[package.extras]
docs = ["jinja2 (>=2.0,<3.1)", "sphinx (>=2,<4)", "sphinx_autodoc_typehints (>=1.7.0,<2.0.0)"]
uvloop = ["uvloop (>=0.13,<0.15)"]

[[package]]
name = "atpublic"
version = "3.1.1"
description = "Keep all y'all's __all__'s in sync"
category = "main"
optional = false
python-versions = ">=3.7"
files = [
    {file = "atpublic-3.1.1-py3-none-any.whl", hash = "sha256:37f714748e77b8a7b34d59b7b485fd452a0d5906be52cb1bd28d29a2bd84f295"},
    {file = "atpublic-3.1.1.tar.gz", hash = "sha256:3098ee12d0107cc5009d61f4e80e5edcfac4cda2bdaa04644af75827cb121b18"},
]

[[package]]
name = "attrs"
version = "22.1.0"
description = "Classes Without Boilerplate"
category = "main"
optional = false
python-versions = ">=3.5"
files = [
    {file = "attrs-22.1.0-py2.py3-none-any.whl", hash = "sha256:86efa402f67bf2df34f51a335487cf46b1ec130d02b8d39fd248abfd30da551c"},
    {file = "attrs-22.1.0.tar.gz", hash = "sha256:29adc2665447e5191d0e7c568fde78b21f9672d344281d0c6e1ab085429b22b6"},
]

[package.extras]
dev = ["cloudpickle", "coverage[toml] (>=5.0.2)", "furo", "hypothesis", "mypy (>=0.900,!=0.940)", "pre-commit", "pympler", "pytest (>=4.3.0)", "pytest-mypy-plugins", "sphinx", "sphinx-notfound-page", "zope.interface"]
docs = ["furo", "sphinx", "sphinx-notfound-page", "zope.interface"]
tests = ["cloudpickle", "coverage[toml] (>=5.0.2)", "hypothesis", "mypy (>=0.900,!=0.940)", "pympler", "pytest (>=4.3.0)", "pytest-mypy-plugins", "zope.interface"]
tests-no-zope = ["cloudpickle", "coverage[toml] (>=5.0.2)", "hypothesis", "mypy (>=0.900,!=0.940)", "pympler", "pytest (>=4.3.0)", "pytest-mypy-plugins"]

[metadata]
lock-version = "2.0"
python-versions = "^3.8"
content-hash = "7605a5bc90edd72c63c0fc26308368fa6ae969f8cb87c866febe55c34487fd6d"
